{
  "name": "ateno-test",
  "version": "1.0.0",
  "lockfileVersion": 3,
  "requires": true,
  "packages": {
    "": {
      "name": "ateno-test",
      "version": "1.0.0",
      "license": "ISC",
      "dependencies": {
        "@atenotech/ateno": "^1.0.1"
      }
    },
    "node_modules/@atenotech/ateno": {
      "version": "1.0.1",
      "resolved": "https://registry.npmjs.org/@atenotech/ateno/-/ateno-1.0.1.tgz",
      "integrity": "sha512-AwVLLzZ/kQ5acR6hDPUq93GfwW13M/oeqAWCccNII8te/lQL45u48EagGhFhmz2N+v+uv3txAZtKsQwQshOP+w==",
      "license": "MIT"
    }
  }
}
